schema: '2.0'
stages:
  data_ingestion:
    cmd: python3 src/data/data_ingestion.py
    deps:
    - path: src/data/data_ingestion.py
      hash: md5
      md5: be14a81682e4a4f9dcc67b58afffccaa
      size: 657
    outs:
    - path: data/interim
      hash: md5
      md5: ca35a89c74860afe6d4988f168ed8cab.dir
      size: 1070558
      nfiles: 2
  data_preprocessing:
    cmd: python3 src/data/data_preprocessing.py
    deps:
    - path: data/interim
      hash: md5
      md5: ca35a89c74860afe6d4988f168ed8cab.dir
      size: 1070558
      nfiles: 2
    - path: src/data/data_preprocessing.py
      hash: md5
      md5: a9e2d741b2756a2c0d0cd79f88039510
      size: 2367
    outs:
    - path: data/processed
      hash: md5
      md5: cfbadb42bdeea226344dd7fd1070b0a7.dir
      size: 825864
      nfiles: 2
  build_features:
    cmd: python3 src/features/build_features.py
    deps:
    - path: data/processed
      hash: md5
      md5: cfbadb42bdeea226344dd7fd1070b0a7.dir
      size: 825864
      nfiles: 2
    - path: src/features/build_features.py
      hash: md5
      md5: 31d16b6454fefa497eb8ea895019d977
      size: 1176
    outs:
    - path: data/features
      hash: md5
      md5: 6a89a5cd53d4aab20fadaf3ebb77bb99.dir
      size: 1476037
      nfiles: 2
